
Microsoft Visual Studio Solution File, Format Version 12.00
# Visual Studio 2013
VisualStudioVersion = 12.0.30501.0
MinimumVisualStudioVersion = 10.0.40219.1
Project("{FAE04EC0-301F-11D3-BF4B-00C04F79EFBC}") = "CalorieCounter", "CalorieCounter\CalorieCounter.csproj", "{008AFA08-ABEB-4DE2-892B-73FD8F53A90C}"
EndProject
Project("{FAE04EC0-301F-11D3-BF4B-00C04F79EFBC}") = "WolframAlpha.NET", "WolframAlpha.NET\WolframAlpha.NET.csproj", "{A6C3A23B-C045-4589-A83A-62E5E153E18E}"
EndProject
Global
	GlobalSection(SolutionConfigurationPlatforms) = preSolution
		Debug|Any CPU = Debug|Any CPU
		Release|Any CPU = Release|Any CPU
	EndGlobalSection
	GlobalSection(ProjectConfigurationPlatforms) = postSolution
		{008AFA08-ABEB-4DE2-892B-73FD8F53A90C}.Debug|Any CPU.ActiveCfg = Debug|Any CPU
		{008AFA08-ABEB-4DE2-892B-73FD8F53A90C}.Debug|Any CPU.Build.0 = Debug|Any CPU
		{008AFA08-ABEB-4DE2-892B-73FD8F53A90C}.Release|Any CPU.ActiveCfg = Release|Any CPU
		{008AFA08-ABEB-4DE2-892B-73FD8F53A90C}.Release|Any CPU.Build.0 = Release|Any CPU
		{A6C3A23B-C045-4589-A83A-62E5E153E18E}.Debug|Any CPU.ActiveCfg = Debug|Any CPU
		{A6C3A23B-C045-4589-A83A-62E5E153E18E}.Debug|Any CPU.Build.0 = Debug|Any CPU
		{A6C3A23B-C045-4589-A83A-62E5E153E18E}.Release|Any CPU.ActiveCfg = Release|Any CPU
		{A6C3A23B-C045-4589-A83A-62E5E153E18E}.Release|Any CPU.Build.0 = Release|Any CPU
	EndGlobalSection
	GlobalSection(SolutionProperties) = preSolution
		HideSolutionNode = FALSE
	EndGlobalSection
EndGlobal
